
Microsoft Visual Studio Solution File, Format Version 12.00
# Visual Studio Version 16
VisualStudioVersion = 16.0.31613.86
MinimumVisualStudioVersion = 10.0.40219.1
Project("{FAE04EC0-301F-11D3-BF4B-00C04F79EFBC}") = "OOP_HW", "OOP_HW\OOP_HW.csproj", "{8EFAF2E6-4244-4B94-8431-8779B2890677}"
EndProject
Global
	GlobalSection(SolutionConfigurationPlatforms) = preSolution
		Debug|Any CPU = Debug|Any CPU
		Release|Any CPU = Release|Any CPU
	EndGlobalSection
	GlobalSection(ProjectConfigurationPlatforms) = postSolution
		{8EFAF2E6-4244-4B94-8431-8779B2890677}.Debug|Any CPU.ActiveCfg = Debug|Any CPU
		{8EFAF2E6-4244-4B94-8431-8779B2890677}.Debug|Any CPU.Build.0 = Debug|Any CPU
		{8EFAF2E6-4244-4B94-8431-8779B2890677}.Release|Any CPU.ActiveCfg = Release|Any CPU
		{8EFAF2E6-4244-4B94-8431-8779B2890677}.Release|Any CPU.Build.0 = Release|Any CPU
	EndGlobalSection
	GlobalSection(SolutionProperties) = preSolution
		HideSolutionNode = FALSE
	EndGlobalSection
	GlobalSection(ExtensibilityGlobals) = postSolution
		SolutionGuid = {DAFED9E3-28DD-4CA9-B607-52661433A567}
	EndGlobalSection
EndGlobal
